
Microsoft Visual Studio Solution File, Format Version 12.00
# Visual Studio 14
VisualStudioVersion = 14.0.25123.0
MinimumVisualStudioVersion = 10.0.40219.1
Project("{FAE04EC0-301F-11D3-BF4B-00C04F79EFBC}") = "Ghpr.Core", "Ghpr.Core.csproj", "{8CDE51DF-B9D2-4945-A992-35E33DECEF36}"
EndProject
Project("{FAE04EC0-301F-11D3-BF4B-00C04F79EFBC}") = "Ghpr.Controller.ts", "..\Ghpr.Controller.ts\Ghpr.Controller.ts.csproj", "{DCA2417E-5063-4831-9FA0-751F6438A700}"
EndProject
Global
	GlobalSection(SolutionConfigurationPlatforms) = preSolution
		Debug|Any CPU = Debug|Any CPU
		Release|Any CPU = Release|Any CPU
	EndGlobalSection
	GlobalSection(ProjectConfigurationPlatforms) = postSolution
		{8CDE51DF-B9D2-4945-A992-35E33DECEF36}.Debug|Any CPU.ActiveCfg = Debug|Any CPU
		{8CDE51DF-B9D2-4945-A992-35E33DECEF36}.Debug|Any CPU.Build.0 = Debug|Any CPU
		{8CDE51DF-B9D2-4945-A992-35E33DECEF36}.Release|Any CPU.ActiveCfg = Release|Any CPU
		{8CDE51DF-B9D2-4945-A992-35E33DECEF36}.Release|Any CPU.Build.0 = Release|Any CPU
		{DCA2417E-5063-4831-9FA0-751F6438A700}.Debug|Any CPU.ActiveCfg = Debug|Any CPU
		{DCA2417E-5063-4831-9FA0-751F6438A700}.Debug|Any CPU.Build.0 = Debug|Any CPU
		{DCA2417E-5063-4831-9FA0-751F6438A700}.Release|Any CPU.ActiveCfg = Release|Any CPU
		{DCA2417E-5063-4831-9FA0-751F6438A700}.Release|Any CPU.Build.0 = Release|Any CPU
	EndGlobalSection
	GlobalSection(SolutionProperties) = preSolution
		HideSolutionNode = FALSE
	EndGlobalSection
EndGlobal
